
Microsoft Visual Studio Solution File, Format Version 12.00
# Visual Studio 2012
Project("{FAE04EC0-301F-11D3-BF4B-00C04F79EFBC}") = "AuthorizationXamarinAndroid", "AuthorizationXamarinAndroid\AuthorizationXamarinAndroid.csproj", "{8B4700B4-1AF4-45A6-8870-AFAFCDB9DE23}"
EndProject
Global
	GlobalSection(SolutionConfigurationPlatforms) = preSolution
		Debug|Any CPU = Debug|Any CPU
		Release|Any CPU = Release|Any CPU
	EndGlobalSection
	GlobalSection(ProjectConfigurationPlatforms) = postSolution
		{8B4700B4-1AF4-45A6-8870-AFAFCDB9DE23}.Debug|Any CPU.ActiveCfg = Debug|Any CPU
		{8B4700B4-1AF4-45A6-8870-AFAFCDB9DE23}.Debug|Any CPU.Build.0 = Debug|Any CPU
		{8B4700B4-1AF4-45A6-8870-AFAFCDB9DE23}.Release|Any CPU.ActiveCfg = Release|Any CPU
		{8B4700B4-1AF4-45A6-8870-AFAFCDB9DE23}.Release|Any CPU.Build.0 = Release|Any CPU
	EndGlobalSection
EndGlobal
